
Microsoft Visual Studio Solution File, Format Version 12.00
# Visual Studio Version 17
VisualStudioVersion = 17.2.32616.157
MinimumVisualStudioVersion = 10.0.40219.1
Project("{FAE04EC0-301F-11D3-BF4B-00C04F79EFBC}") = "Principal", "Principal\Principal.csproj", "{D0D86C49-30F7-4CE1-B805-7E317A70944B}"
EndProject
Project("{FAE04EC0-301F-11D3-BF4B-00C04F79EFBC}") = "Datos", "Datos\Datos.csproj", "{75363772-ED6F-4C51-BFF7-8B2126025D9B}"
EndProject
Global
	GlobalSection(SolutionConfigurationPlatforms) = preSolution
		Debug|Any CPU = Debug|Any CPU
		Release|Any CPU = Release|Any CPU
	EndGlobalSection
	GlobalSection(ProjectConfigurationPlatforms) = postSolution
		{D0D86C49-30F7-4CE1-B805-7E317A70944B}.Debug|Any CPU.ActiveCfg = Debug|Any CPU
		{D0D86C49-30F7-4CE1-B805-7E317A70944B}.Debug|Any CPU.Build.0 = Debug|Any CPU
		{D0D86C49-30F7-4CE1-B805-7E317A70944B}.Release|Any CPU.ActiveCfg = Release|Any CPU
		{D0D86C49-30F7-4CE1-B805-7E317A70944B}.Release|Any CPU.Build.0 = Release|Any CPU
		{75363772-ED6F-4C51-BFF7-8B2126025D9B}.Debug|Any CPU.ActiveCfg = Debug|Any CPU
		{75363772-ED6F-4C51-BFF7-8B2126025D9B}.Debug|Any CPU.Build.0 = Debug|Any CPU
		{75363772-ED6F-4C51-BFF7-8B2126025D9B}.Release|Any CPU.ActiveCfg = Release|Any CPU
		{75363772-ED6F-4C51-BFF7-8B2126025D9B}.Release|Any CPU.Build.0 = Release|Any CPU
	EndGlobalSection
	GlobalSection(SolutionProperties) = preSolution
		HideSolutionNode = FALSE
	EndGlobalSection
	GlobalSection(ExtensibilityGlobals) = postSolution
		SolutionGuid = {8BF5CC82-C677-46EA-8D12-8324EC8019A5}
	EndGlobalSection
EndGlobal
